
Microsoft Visual Studio Solution File, Format Version 12.00
# Visual Studio Version 17
VisualStudioVersion = 17.3.32929.385
MinimumVisualStudioVersion = 10.0.40219.1
Project("{FAE04EC0-301F-11D3-BF4B-00C04F79EFBC}") = "övning - text och tecken", "övning - text och tecken.csproj", "{4D3BC126-4792-4D3F-9426-CCF8E925954E}"
EndProject
Global
	GlobalSection(SolutionConfigurationPlatforms) = preSolution
		Debug|Any CPU = Debug|Any CPU
		Release|Any CPU = Release|Any CPU
	EndGlobalSection
	GlobalSection(ProjectConfigurationPlatforms) = postSolution
		{4D3BC126-4792-4D3F-9426-CCF8E925954E}.Debug|Any CPU.ActiveCfg = Debug|Any CPU
		{4D3BC126-4792-4D3F-9426-CCF8E925954E}.Debug|Any CPU.Build.0 = Debug|Any CPU
		{4D3BC126-4792-4D3F-9426-CCF8E925954E}.Release|Any CPU.ActiveCfg = Release|Any CPU
		{4D3BC126-4792-4D3F-9426-CCF8E925954E}.Release|Any CPU.Build.0 = Release|Any CPU
	EndGlobalSection
	GlobalSection(SolutionProperties) = preSolution
		HideSolutionNode = FALSE
	EndGlobalSection
	GlobalSection(ExtensibilityGlobals) = postSolution
		SolutionGuid = {C93CD43D-CC4B-4C7F-B1CD-74D4343AEE6C}
	EndGlobalSection
EndGlobal
