
Microsoft Visual Studio Solution File, Format Version 12.00
# Visual Studio Version 17
VisualStudioVersion = 17.3.32929.385
MinimumVisualStudioVersion = 10.0.40219.1
Project("{FAE04EC0-301F-11D3-BF4B-00C04F79EFBC}") = "Övning flytta knapp", "Övning flytta knapp.csproj", "{1647C111-E3C1-418C-A9E7-0987605044CC}"
EndProject
Global
	GlobalSection(SolutionConfigurationPlatforms) = preSolution
		Debug|Any CPU = Debug|Any CPU
		Release|Any CPU = Release|Any CPU
	EndGlobalSection
	GlobalSection(ProjectConfigurationPlatforms) = postSolution
		{1647C111-E3C1-418C-A9E7-0987605044CC}.Debug|Any CPU.ActiveCfg = Debug|Any CPU
		{1647C111-E3C1-418C-A9E7-0987605044CC}.Debug|Any CPU.Build.0 = Debug|Any CPU
		{1647C111-E3C1-418C-A9E7-0987605044CC}.Release|Any CPU.ActiveCfg = Release|Any CPU
		{1647C111-E3C1-418C-A9E7-0987605044CC}.Release|Any CPU.Build.0 = Release|Any CPU
	EndGlobalSection
	GlobalSection(SolutionProperties) = preSolution
		HideSolutionNode = FALSE
	EndGlobalSection
	GlobalSection(ExtensibilityGlobals) = postSolution
		SolutionGuid = {36F52C4E-D16B-4B91-A036-85B502923247}
	EndGlobalSection
EndGlobal
